// !$*UTF8*$!
{
	archiveVersion = 1;
	classes = {
	};
	objectVersion = 55;
	objects = {

/* Begin PBXBuildFile section */
		FC0FE4A32C75420B00D3B939 /* AppDelegate.swift in Sources */ = {isa = PBXBuildFile; fileRef = FC0FE4A22C75420B00D3B939 /* AppDelegate.swift */; };
		FC0FE4A52C75420B00D3B939 /* SceneDelegate.swift in Sources */ = {isa = PBXBuildFile; fileRef = FC0FE4A42C75420B00D3B939 /* SceneDelegate.swift */; };
		FC0FE4A72C75420B00D3B939 /* ViewController.swift in Sources */ = {isa = PBXBuildFile; fileRef = FC0FE4A62C75420B00D3B939 /* ViewController.swift */; };
		FC0FE4AA2C75420B00D3B939 /* Main.storyboard in Resources */ = {isa = PBXBuildFile; fileRef = FC0FE4A82C75420B00D3B939 /* Main.storyboard */; };
		FC0FE4AC2C75420C00D3B939 /* Assets.xcassets in Resources */ = {isa = PBXBuildFile; fileRef = FC0FE4AB2C75420C00D3B939 /* Assets.xcassets */; };
		FC0FE4AF2C75420C00D3B939 /* LaunchScreen.storyboard in Resources */ = {isa = PBXBuildFile; fileRef = FC0FE4AD2C75420C00D3B939 /* LaunchScreen.storyboard */; };
		FC0FE4BA2C75420C00D3B939 /* WeatherTests.swift in Sources */ = {isa = PBXBuildFile; fileRef = FC0FE4B92C75420C00D3B939 /* WeatherTests.swift */; };
		FC0FE4C42C75420C00D3B939 /* WeatherUITests.swift in Sources */ = {isa = PBXBuildFile; fileRef = FC0FE4C32C75420C00D3B939 /* WeatherUITests.swift */; };
		FC0FE4C62C75420C00D3B939 /* WeatherUITestsLaunchTests.swift in Sources */ = {isa = PBXBuildFile; fileRef = FC0FE4C52C75420C00D3B939 /* WeatherUITestsLaunchTests.swift */; };
		FC0FE4D62C7635F900D3B939 /* WeatherModel.swift in Sources */ = {isa = PBXBuildFile; fileRef = FC0FE4D52C7635F900D3B939 /* WeatherModel.swift */; };
		FC0FE4D92C76369C00D3B939 /* WeatherConstants.swift in Sources */ = {isa = PBXBuildFile; fileRef = FC0FE4D82C76369C00D3B939 /* WeatherConstants.swift */; };
		FC0FE4DC2C763E9700D3B939 /* APIService.swift in Sources */ = {isa = PBXBuildFile; fileRef = FC0FE4DB2C763E9700D3B939 /* APIService.swift */; };
		FC0FE4DE2C767BE900D3B939 /* WeatherViewModel.swift in Sources */ = {isa = PBXBuildFile; fileRef = FC0FE4DD2C767BE900D3B939 /* WeatherViewModel.swift */; };
		FC0FE4E02C76D5E500D3B939 /* LocalStorage.swift in Sources */ = {isa = PBXBuildFile; fileRef = FC0FE4DF2C76D5E500D3B939 /* LocalStorage.swift */; };
/* End PBXBuildFile section */

/* Begin PBXContainerItemProxy section */
		FC0FE4B62C75420C00D3B939 /* PBXContainerItemProxy */ = {
			isa = PBXContainerItemProxy;
			containerPortal = FC0FE4972C75420B00D3B939 /* Project object */;
			proxyType = 1;
			remoteGlobalIDString = FC0FE49E2C75420B00D3B939;
			remoteInfo = Weather;
		};
		FC0FE4C02C75420C00D3B939 /* PBXContainerItemProxy */ = {
			isa = PBXContainerItemProxy;
			containerPortal = FC0FE4972C75420B00D3B939 /* Project object */;
			proxyType = 1;
			remoteGlobalIDString = FC0FE49E2C75420B00D3B939;
			remoteInfo = Weather;
		};
/* End PBXContainerItemProxy section */

/* Begin PBXFileReference section */
		FC0FE49F2C75420B00D3B939 /* Weather.app */ = {isa = PBXFileReference; explicitFileType = wrapper.application; includeInIndex = 0; path = Weather.app; sourceTree = BUILT_PRODUCTS_DIR; };
		FC0FE4A22C75420B00D3B939 /* AppDelegate.swift */ = {isa = PBXFileReference; lastKnownFileType = sourcecode.swift; path = AppDelegate.swift; sourceTree = "<group>"; };
		FC0FE4A42C75420B00D3B939 /* SceneDelegate.swift */ = {isa = PBXFileReference; lastKnownFileType = sourcecode.swift; path = SceneDelegate.swift; sourceTree = "<group>"; };
		FC0FE4A62C75420B00D3B939 /* ViewController.swift */ = {isa = PBXFileReference; lastKnownFileType = sourcecode.swift; path = ViewController.swift; sourceTree = "<group>"; };
		FC0FE4A92C75420B00D3B939 /* Base */ = {isa = PBXFileReference; lastKnownFileType = file.storyboard; name = Base; path = Base.lproj/Main.storyboard; sourceTree = "<group>"; };
		FC0FE4AB2C75420C00D3B939 /* Assets.xcassets */ = {isa = PBXFileReference; lastKnownFileType = folder.assetcatalog; path = Assets.xcassets; sourceTree = "<group>"; };
		FC0FE4AE2C75420C00D3B939 /* Base */ = {isa = PBXFileReference; lastKnownFileType = file.storyboard; name = Base; path = Base.lproj/LaunchScreen.storyboard; sourceTree = "<group>"; };
		FC0FE4B02C75420C00D3B939 /* Info.plist */ = {isa = PBXFileReference; lastKnownFileType = text.plist.xml; path = Info.plist; sourceTree = "<group>"; };
		FC0FE4B52C75420C00D3B939 /* WeatherTests.xctest */ = {isa = PBXFileReference; explicitFileType = wrapper.cfbundle; includeInIndex = 0; path = WeatherTests.xctest; sourceTree = BUILT_PRODUCTS_DIR; };
		FC0FE4B92C75420C00D3B939 /* WeatherTests.swift */ = {isa = PBXFileReference; lastKnownFileType = sourcecode.swift; path = WeatherTests.swift; sourceTree = "<group>"; };
		FC0FE4BF2C75420C00D3B939 /* WeatherUITests.xctest */ = {isa = PBXFileReference; explicitFileType = wrapper.cfbundle; includeInIndex = 0; path = WeatherUITests.xctest; sourceTree = BUILT_PRODUCTS_DIR; };
		FC0FE4C32C75420C00D3B939 /* WeatherUITests.swift */ = {isa = PBXFileReference; lastKnownFileType = sourcecode.swift; path = WeatherUITests.swift; sourceTree = "<group>"; };
		FC0FE4C52C75420C00D3B939 /* WeatherUITestsLaunchTests.swift */ = {isa = PBXFileReference; lastKnownFileType = sourcecode.swift; path = WeatherUITestsLaunchTests.swift; sourceTree = "<group>"; };
		FC0FE4D52C7635F900D3B939 /* WeatherModel.swift */ = {isa = PBXFileReference; lastKnownFileType = sourcecode.swift; path = WeatherModel.swift; sourceTree = "<group>"; };
		FC0FE4D82C76369C00D3B939 /* WeatherConstants.swift */ = {isa = PBXFileReference; lastKnownFileType = sourcecode.swift; path = WeatherConstants.swift; sourceTree = "<group>"; };
		FC0FE4DB2C763E9700D3B939 /* APIService.swift */ = {isa = PBXFileReference; lastKnownFileType = sourcecode.swift; path = APIService.swift; sourceTree = "<group>"; };
		FC0FE4DD2C767BE900D3B939 /* WeatherViewModel.swift */ = {isa = PBXFileReference; lastKnownFileType = sourcecode.swift; path = WeatherViewModel.swift; sourceTree = "<group>"; };
		FC0FE4DF2C76D5E500D3B939 /* LocalStorage.swift */ = {isa = PBXFileReference; lastKnownFileType = sourcecode.swift; path = LocalStorage.swift; sourceTree = "<group>"; };
/* End PBXFileReference section */

/* Begin PBXFrameworksBuildPhase section */
		FC0FE49C2C75420B00D3B939 /* Frameworks */ = {
			isa = PBXFrameworksBuildPhase;
			buildActionMask = 2147483647;
			files = (
			);
			runOnlyForDeploymentPostprocessing = 0;
		};
		FC0FE4B22C75420C00D3B939 /* Frameworks */ = {
			isa = PBXFrameworksBuildPhase;
			buildActionMask = 2147483647;
			files = (
			);
			runOnlyForDeploymentPostprocessing = 0;
		};
		FC0FE4BC2C75420C00D3B939 /* Frameworks */ = {
			isa = PBXFrameworksBuildPhase;
			buildActionMask = 2147483647;
			files = (
			);
			runOnlyForDeploymentPostprocessing = 0;
		};
/* End PBXFrameworksBuildPhase section */

/* Begin PBXGroup section */
		FC0FE4962C75420B00D3B939 = {
			isa = PBXGroup;
			children = (
				FC0FE4A12C75420B00D3B939 /* Weather */,
				FC0FE4B82C75420C00D3B939 /* WeatherTests */,
				FC0FE4C22C75420C00D3B939 /* WeatherUITests */,
				FC0FE4A02C75420B00D3B939 /* Products */,
			);
			sourceTree = "<group>";
		};
		FC0FE4A02C75420B00D3B939 /* Products */ = {
			isa = PBXGroup;
			children = (
				FC0FE49F2C75420B00D3B939 /* Weather.app */,
				FC0FE4B52C75420C00D3B939 /* WeatherTests.xctest */,
				FC0FE4BF2C75420C00D3B939 /* WeatherUITests.xctest */,
			);
			name = Products;
			sourceTree = "<group>";
		};
		FC0FE4A12C75420B00D3B939 /* Weather */ = {
			isa = PBXGroup;
			children = (
				FC0FE4DA2C763E8100D3B939 /* WebserviceManager */,
				FC0FE4D72C76368900D3B939 /* Common */,
				FC0FE4D42C75859100D3B939 /* ViewModel */,
				FC0FE4D32C75858200D3B939 /* Model */,
				FC0FE4D22C75857B00D3B939 /* View */,
				FC0FE4A22C75420B00D3B939 /* AppDelegate.swift */,
				FC0FE4A42C75420B00D3B939 /* SceneDelegate.swift */,
				FC0FE4A82C75420B00D3B939 /* Main.storyboard */,
				FC0FE4AB2C75420C00D3B939 /* Assets.xcassets */,
				FC0FE4AD2C75420C00D3B939 /* LaunchScreen.storyboard */,
				FC0FE4B02C75420C00D3B939 /* Info.plist */,
			);
			path = Weather;
			sourceTree = "<group>";
		};
		FC0FE4B82C75420C00D3B939 /* WeatherTests */ = {
			isa = PBXGroup;
			children = (
				FC0FE4B92C75420C00D3B939 /* WeatherTests.swift */,
			);
			path = WeatherTests;
			sourceTree = "<group>";
		};
		FC0FE4C22C75420C00D3B939 /* WeatherUITests */ = {
			isa = PBXGroup;
			children = (
				FC0FE4C32C75420C00D3B939 /* WeatherUITests.swift */,
				FC0FE4C52C75420C00D3B939 /* WeatherUITestsLaunchTests.swift */,
			);
			path = WeatherUITests;
			sourceTree = "<group>";
		};
		FC0FE4D22C75857B00D3B939 /* View */ = {
			isa = PBXGroup;
			children = (
				FC0FE4A62C75420B00D3B939 /* ViewController.swift */,
			);
			path = View;
			sourceTree = "<group>";
		};
		FC0FE4D32C75858200D3B939 /* Model */ = {
			isa = PBXGroup;
			children = (
				FC0FE4D52C7635F900D3B939 /* WeatherModel.swift */,
			);
			path = Model;
			sourceTree = "<group>";
		};
		FC0FE4D42C75859100D3B939 /* ViewModel */ = {
			isa = PBXGroup;
			children = (
				FC0FE4DD2C767BE900D3B939 /* WeatherViewModel.swift */,
			);
			path = ViewModel;
			sourceTree = "<group>";
		};
		FC0FE4D72C76368900D3B939 /* Common */ = {
			isa = PBXGroup;
			children = (
				FC0FE4D82C76369C00D3B939 /* WeatherConstants.swift */,
				FC0FE4DF2C76D5E500D3B939 /* LocalStorage.swift */,
			);
			path = Common;
			sourceTree = "<group>";
		};
		FC0FE4DA2C763E8100D3B939 /* WebserviceManager */ = {
			isa = PBXGroup;
			children = (
				FC0FE4DB2C763E9700D3B939 /* APIService.swift */,
			);
			path = WebserviceManager;
			sourceTree = "<group>";
		};
/* End PBXGroup section */

/* Begin PBXNativeTarget section */
		FC0FE49E2C75420B00D3B939 /* Weather */ = {
			isa = PBXNativeTarget;
			buildConfigurationList = FC0FE4C92C75420C00D3B939 /* Build configuration list for PBXNativeTarget "Weather" */;
			buildPhases = (
				FC0FE49B2C75420B00D3B939 /* Sources */,
				FC0FE49C2C75420B00D3B939 /* Frameworks */,
				FC0FE49D2C75420B00D3B939 /* Resources */,
			);
			buildRules = (
			);
			dependencies = (
			);
			name = Weather;
			productName = Weather;
			productReference = FC0FE49F2C75420B00D3B939 /* Weather.app */;
			productType = "com.apple.product-type.application";
		};
		FC0FE4B42C75420C00D3B939 /* WeatherTests */ = {
			isa = PBXNativeTarget;
			buildConfigurationList = FC0FE4CC2C75420C00D3B939 /* Build configuration list for PBXNativeTarget "WeatherTests" */;
			buildPhases = (
				FC0FE4B12C75420C00D3B939 /* Sources */,
				FC0FE4B22C75420C00D3B939 /* Frameworks */,
				FC0FE4B32C75420C00D3B939 /* Resources */,
			);
			buildRules = (
			);
			dependencies = (
				FC0FE4B72C75420C00D3B939 /* PBXTargetDependency */,
			);
			name = WeatherTests;
			productName = WeatherTests;
			productReference = FC0FE4B52C75420C00D3B939 /* WeatherTests.xctest */;
			productType = "com.apple.product-type.bundle.unit-test";
		};
		FC0FE4BE2C75420C00D3B939 /* WeatherUITests */ = {
			isa = PBXNativeTarget;
			buildConfigurationList = FC0FE4CF2C75420C00D3B939 /* Build configuration list for PBXNativeTarget "WeatherUITests" */;
			buildPhases = (
				FC0FE4BB2C75420C00D3B939 /* Sources */,
				FC0FE4BC2C75420C00D3B939 /* Frameworks */,
				FC0FE4BD2C75420C00D3B939 /* Resources */,
			);
			buildRules = (
			);
			dependencies = (
				FC0FE4C12C75420C00D3B939 /* PBXTargetDependency */,
			);
			name = WeatherUITests;
			productName = WeatherUITests;
			productReference = FC0FE4BF2C75420C00D3B939 /* WeatherUITests.xctest */;
			productType = "com.apple.product-type.bundle.ui-testing";
		};
/* End PBXNativeTarget section */

/* Begin PBXProject section */
		FC0FE4972C75420B00D3B939 /* Project object */ = {
			isa = PBXProject;
			attributes = {
				BuildIndependentTargetsInParallel = 1;
				LastSwiftUpdateCheck = 1310;
				LastUpgradeCheck = 1310;
				TargetAttributes = {
					FC0FE49E2C75420B00D3B939 = {
						CreatedOnToolsVersion = 13.1;
					};
					FC0FE4B42C75420C00D3B939 = {
						CreatedOnToolsVersion = 13.1;
						TestTargetID = FC0FE49E2C75420B00D3B939;
					};
					FC0FE4BE2C75420C00D3B939 = {
						CreatedOnToolsVersion = 13.1;
						TestTargetID = FC0FE49E2C75420B00D3B939;
					};
				};
			};
			buildConfigurationList = FC0FE49A2C75420B00D3B939 /* Build configuration list for PBXProject "Weather" */;
			compatibilityVersion = "Xcode 13.0";
			developmentRegion = en;
			hasScannedForEncodings = 0;
			knownRegions = (
				en,
				Base,
			);
			mainGroup = FC0FE4962C75420B00D3B939;
			productRefGroup = FC0FE4A02C75420B00D3B939 /* Products */;
			projectDirPath = "";
			projectRoot = "";
			targets = (
				FC0FE49E2C75420B00D3B939 /* Weather */,
				FC0FE4B42C75420C00D3B939 /* WeatherTests */,
				FC0FE4BE2C75420C00D3B939 /* WeatherUITests */,
			);
		};
/* End PBXProject section */

/* Begin PBXResourcesBuildPhase section */
		FC0FE49D2C75420B00D3B939 /* Resources */ = {
			isa = PBXResourcesBuildPhase;
			buildActionMask = 2147483647;
			files = (
				FC0FE4AF2C75420C00D3B939 /* LaunchScreen.storyboard in Resources */,
				FC0FE4AC2C75420C00D3B939 /* Assets.xcassets in Resources */,
				FC0FE4AA2C75420B00D3B939 /* Main.storyboard in Resources */,
			);
			runOnlyForDeploymentPostprocessing = 0;
		};
		FC0FE4B32C75420C00D3B939 /* Resources */ = {
			isa = PBXResourcesBuildPhase;
			buildActionMask = 2147483647;
			files = (
			);
			runOnlyForDeploymentPostprocessing = 0;
		};
		FC0FE4BD2C75420C00D3B939 /* Resources */ = {
			isa = PBXResourcesBuildPhase;
			buildActionMask = 2147483647;
			files = (
			);
			runOnlyForDeploymentPostprocessing = 0;
		};
/* End PBXResourcesBuildPhase section */

/* Begin PBXSourcesBuildPhase section */
		FC0FE49B2C75420B00D3B939 /* Sources */ = {
			isa = PBXSourcesBuildPhase;
			buildActionMask = 2147483647;
			files = (
				FC0FE4E02C76D5E500D3B939 /* LocalStorage.swift in Sources */,
				FC0FE4A72C75420B00D3B939 /* ViewController.swift in Sources */,
				FC0FE4A32C75420B00D3B939 /* AppDelegate.swift in Sources */,
				FC0FE4DC2C763E9700D3B939 /* APIService.swift in Sources */,
				FC0FE4DE2C767BE900D3B939 /* WeatherViewModel.swift in Sources */,
				FC0FE4D62C7635F900D3B939 /* WeatherModel.swift in Sources */,
				FC0FE4A52C75420B00D3B939 /* SceneDelegate.swift in Sources */,
				FC0FE4D92C76369C00D3B939 /* WeatherConstants.swift in Sources */,
			);
			runOnlyForDeploymentPostprocessing = 0;
		};
		FC0FE4B12C75420C00D3B939 /* Sources */ = {
			isa = PBXSourcesBuildPhase;
			buildActionMask = 2147483647;
			files = (
				FC0FE4BA2C75420C00D3B939 /* WeatherTests.swift in Sources */,
			);
			runOnlyForDeploymentPostprocessing = 0;
		};
		FC0FE4BB2C75420C00D3B939 /* Sources */ = {
			isa = PBXSourcesBuildPhase;
			buildActionMask = 2147483647;
			files = (
				FC0FE4C42C75420C00D3B939 /* WeatherUITests.swift in Sources */,
				FC0FE4C62C75420C00D3B939 /* WeatherUITestsLaunchTests.swift in Sources */,
			);
			runOnlyForDeploymentPostprocessing = 0;
		};
/* End PBXSourcesBuildPhase section */

/* Begin PBXTargetDependency section */
		FC0FE4B72C75420C00D3B939 /* PBXTargetDependency */ = {
			isa = PBXTargetDependency;
			target = FC0FE49E2C75420B00D3B939 /* Weather */;
			targetProxy = FC0FE4B62C75420C00D3B939 /* PBXContainerItemProxy */;
		};
		FC0FE4C12C75420C00D3B939 /* PBXTargetDependency */ = {
			isa = PBXTargetDependency;
			target = FC0FE49E2C75420B00D3B939 /* Weather */;
			targetProxy = FC0FE4C02C75420C00D3B939 /* PBXContainerItemProxy */;
		};
/* End PBXTargetDependency section */

/* Begin PBXVariantGroup section */
		FC0FE4A82C75420B00D3B939 /* Main.storyboard */ = {
			isa = PBXVariantGroup;
			children = (
				FC0FE4A92C75420B00D3B939 /* Base */,
			);
			name = Main.storyboard;
			sourceTree = "<group>";
		};
		FC0FE4AD2C75420C00D3B939 /* LaunchScreen.storyboard */ = {
			isa = PBXVariantGroup;
			children = (
				FC0FE4AE2C75420C00D3B939 /* Base */,
			);
			name = LaunchScreen.storyboard;
			sourceTree = "<group>";
		};
/* End PBXVariantGroup section */

/* Begin XCBuildConfiguration section */
		FC0FE4C72C75420C00D3B939 /* Debug */ = {
			isa = XCBuildConfiguration;
			buildSettings = {
				ALWAYS_SEARCH_USER_PATHS = NO;
				CLANG_ANALYZER_NONNULL = YES;
				CLANG_ANALYZER_NUMBER_OBJECT_CONVERSION = YES_AGGRESSIVE;
				CLANG_CXX_LANGUAGE_STANDARD = "gnu++17";
				CLANG_CXX_LIBRARY = "libc++";
				CLANG_ENABLE_MODULES = YES;
				CLANG_ENABLE_OBJC_ARC = YES;
				CLANG_ENABLE_OBJC_WEAK = YES;
				CLANG_WARN_BLOCK_CAPTURE_AUTORELEASING = YES;
				CLANG_WARN_BOOL_CONVERSION = YES;
				CLANG_WARN_COMMA = YES;
				CLANG_WARN_CONSTANT_CONVERSION = YES;
				CLANG_WARN_DEPRECATED_OBJC_IMPLEMENTATIONS = YES;
				CLANG_WARN_DIRECT_OBJC_ISA_USAGE = YES_ERROR;
				CLANG_WARN_DOCUMENTATION_COMMENTS = YES;
				CLANG_WARN_EMPTY_BODY = YES;
				CLANG_WARN_ENUM_CONVERSION = YES;
				CLANG_WARN_INFINITE_RECURSION = YES;
				CLANG_WARN_INT_CONVERSION = YES;
				CLANG_WARN_NON_LITERAL_NULL_CONVERSION = YES;
				CLANG_WARN_OBJC_IMPLICIT_RETAIN_SELF = YES;
				CLANG_WARN_OBJC_LITERAL_CONVERSION = YES;
				CLANG_WARN_OBJC_ROOT_CLASS = YES_ERROR;
				CLANG_WARN_QUOTED_INCLUDE_IN_FRAMEWORK_HEADER = YES;
				CLANG_WARN_RANGE_LOOP_ANALYSIS = YES;
				CLANG_WARN_STRICT_PROTOTYPES = YES;
				CLANG_WARN_SUSPICIOUS_MOVE = YES;
				CLANG_WARN_UNGUARDED_AVAILABILITY = YES_AGGRESSIVE;
				CLANG_WARN_UNREACHABLE_CODE = YES;
				CLANG_WARN__DUPLICATE_METHOD_MATCH = YES;
				COPY_PHASE_STRIP = NO;
				DEBUG_INFORMATION_FORMAT = dwarf;
				ENABLE_STRICT_OBJC_MSGSEND = YES;
				ENABLE_TESTABILITY = YES;
				GCC_C_LANGUAGE_STANDARD = gnu11;
				GCC_DYNAMIC_NO_PIC = NO;
				GCC_NO_COMMON_BLOCKS = YES;
				GCC_OPTIMIZATION_LEVEL = 0;
				GCC_PREPROCESSOR_DEFINITIONS = (
					"DEBUG=1",
					"$(inherited)",
				);
				GCC_WARN_64_TO_32_BIT_CONVERSION = YES;
				GCC_WARN_ABOUT_RETURN_TYPE = YES_ERROR;
				GCC_WARN_UNDECLARED_SELECTOR = YES;
				GCC_WARN_UNINITIALIZED_AUTOS = YES_AGGRESSIVE;
				GCC_WARN_UNUSED_FUNCTION = YES;
				GCC_WARN_UNUSED_VARIABLE = YES;
				IPHONEOS_DEPLOYMENT_TARGET = 15.0;
				MTL_ENABLE_DEBUG_INFO = INCLUDE_SOURCE;
				MTL_FAST_MATH = YES;
				ONLY_ACTIVE_ARCH = YES;
				SDKROOT = iphoneos;
				SWIFT_ACTIVE_COMPILATION_CONDITIONS = DEBUG;
				SWIFT_OPTIMIZATION_LEVEL = "-Onone";
			};
			name = Debug;
		};
		FC0FE4C82C75420C00D3B939 /* Release */ = {
			isa = XCBuildConfiguration;
			buildSettings = {
				ALWAYS_SEARCH_USER_PATHS = NO;
				CLANG_ANALYZER_NONNULL = YES;
				CLANG_ANALYZER_NUMBER_OBJECT_CONVERSION = YES_AGGRESSIVE;
				CLANG_CXX_LANGUAGE_STANDARD = "gnu++17";
				CLANG_CXX_LIBRARY = "libc++";
				CLANG_ENABLE_MODULES = YES;
				CLANG_ENABLE_OBJC_ARC = YES;
				CLANG_ENABLE_OBJC_WEAK = YES;
				CLANG_WARN_BLOCK_CAPTURE_AUTORELEASING = YES;
				CLANG_WARN_BOOL_CONVERSION = YES;
				CLANG_WARN_COMMA = YES;
				CLANG_WARN_CONSTANT_CONVERSION = YES;
				CLANG_WARN_DEPRECATED_OBJC_IMPLEMENTATIONS = YES;
				CLANG_WARN_DIRECT_OBJC_ISA_USAGE = YES_ERROR;
				CLANG_WARN_DOCUMENTATION_COMMENTS = YES;
				CLANG_WARN_EMPTY_BODY = YES;
				CLANG_WARN_ENUM_CONVERSION = YES;
				CLANG_WARN_INFINITE_RECURSION = YES;
				CLANG_WARN_INT_CONVERSION = YES;
				CLANG_WARN_NON_LITERAL_NULL_CONVERSION = YES;
				CLANG_WARN_OBJC_IMPLICIT_RETAIN_SELF = YES;
				CLANG_WARN_OBJC_LITERAL_CONVERSION = YES;
				CLANG_WARN_OBJC_ROOT_CLASS = YES_ERROR;
				CLANG_WARN_QUOTED_INCLUDE_IN_FRAMEWORK_HEADER = YES;
				CLANG_WARN_RANGE_LOOP_ANALYSIS = YES;
				CLANG_WARN_STRICT_PROTOTYPES = YES;
				CLANG_WARN_SUSPICIOUS_MOVE = YES;
				CLANG_WARN_UNGUARDED_AVAILABILITY = YES_AGGRESSIVE;
				CLANG_WARN_UNREACHABLE_CODE = YES;
				CLANG_WARN__DUPLICATE_METHOD_MATCH = YES;
				COPY_PHASE_STRIP = NO;
				DEBUG_INFORMATION_FORMAT = "dwarf-with-dsym";
				ENABLE_NS_ASSERTIONS = NO;
				ENABLE_STRICT_OBJC_MSGSEND = YES;
				GCC_C_LANGUAGE_STANDARD = gnu11;
				GCC_NO_COMMON_BLOCKS = YES;
				GCC_WARN_64_TO_32_BIT_CONVERSION = YES;
				GCC_WARN_ABOUT_RETURN_TYPE = YES_ERROR;
				GCC_WARN_UNDECLARED_SELECTOR = YES;
				GCC_WARN_UNINITIALIZED_AUTOS = YES_AGGRESSIVE;
				GCC_WARN_UNUSED_FUNCTION = YES;
				GCC_WARN_UNUSED_VARIABLE = YES;
				IPHONEOS_DEPLOYMENT_TARGET = 15.0;
				MTL_ENABLE_DEBUG_INFO = NO;
				MTL_FAST_MATH = YES;
				SDKROOT = iphoneos;
				SWIFT_COMPILATION_MODE = wholemodule;
				SWIFT_OPTIMIZATION_LEVEL = "-O";
				VALIDATE_PRODUCT = YES;
			};
			name = Release;
		};
		FC0FE4CA2C75420C00D3B939 /* Debug */ = {
			isa = XCBuildConfiguration;
			buildSettings = {
				ASSETCATALOG_COMPILER_APPICON_NAME = AppIcon;
				ASSETCATALOG_COMPILER_GLOBAL_ACCENT_COLOR_NAME = AccentColor;
				CODE_SIGN_STYLE = Automatic;
				CURRENT_PROJECT_VERSION = 1;
				DEVELOPMENT_TEAM = 68UQL4D6CG;
				GENERATE_INFOPLIST_FILE = YES;
				INFOPLIST_FILE = Weather/Info.plist;
				INFOPLIST_KEY_NSLocationAlwaysUsageDescription = "We need to access your location to provide accurate data";
				INFOPLIST_KEY_NSLocationWhenInUseUsageDescription = "We need to access your location to provide accurate data";
				INFOPLIST_KEY_UIApplicationSupportsIndirectInputEvents = YES;
				INFOPLIST_KEY_UILaunchStoryboardName = LaunchScreen;
				INFOPLIST_KEY_UIMainStoryboardFile = Main;
				INFOPLIST_KEY_UISupportedInterfaceOrientations = "UIInterfaceOrientationPortrait UIInterfaceOrientationPortraitUpsideDown UIInterfaceOrientationLandscapeLeft UIInterfaceOrientationLandscapeRight";
				INFOPLIST_KEY_UISupportedInterfaceOrientations_iPad = "UIInterfaceOrientationPortrait UIInterfaceOrientationPortraitUpsideDown UIInterfaceOrientationLandscapeLeft UIInterfaceOrientationLandscapeRight";
				INFOPLIST_KEY_UISupportedInterfaceOrientations_iPhone = "UIInterfaceOrientationPortrait UIInterfaceOrientationLandscapeLeft UIInterfaceOrientationLandscapeRight";
				LD_RUNPATH_SEARCH_PATHS = (
					"$(inherited)",
					"@executable_path/Frameworks",
				);
				MARKETING_VERSION = 1.0;
				PRODUCT_BUNDLE_IDENTIFIER = nabnit.Weather;
				PRODUCT_NAME = "$(TARGET_NAME)";
				SWIFT_EMIT_LOC_STRINGS = YES;
				SWIFT_VERSION = 5.0;
				TARGETED_DEVICE_FAMILY = "1,2";
			};
			name = Debug;
		};
		FC0FE4CB2C75420C00D3B939 /* Release */ = {
			isa = XCBuildConfiguration;
			buildSettings = {
				ASSETCATALOG_COMPILER_APPICON_NAME = AppIcon;
				ASSETCATALOG_COMPILER_GLOBAL_ACCENT_COLOR_NAME = AccentColor;
				CODE_SIGN_STYLE = Automatic;
				CURRENT_PROJECT_VERSION = 1;
				DEVELOPMENT_TEAM = 68UQL4D6CG;
				GENERATE_INFOPLIST_FILE = YES;
				INFOPLIST_FILE = Weather/Info.plist;
				INFOPLIST_KEY_NSLocationAlwaysUsageDescription = "We need to access your location to provide accurate data";
				INFOPLIST_KEY_NSLocationWhenInUseUsageDescription = "We need to access your location to provide accurate data";
				INFOPLIST_KEY_UIApplicationSupportsIndirectInputEvents = YES;
				INFOPLIST_KEY_UILaunchStoryboardName = LaunchScreen;
				INFOPLIST_KEY_UIMainStoryboardFile = Main;
				INFOPLIST_KEY_UISupportedInterfaceOrientations = "UIInterfaceOrientationPortrait UIInterfaceOrientationPortraitUpsideDown UIInterfaceOrientationLandscapeLeft UIInterfaceOrientationLandscapeRight";
				INFOPLIST_KEY_UISupportedInterfaceOrientations_iPad = "UIInterfaceOrientationPortrait UIInterfaceOrientationPortraitUpsideDown UIInterfaceOrientationLandscapeLeft UIInterfaceOrientationLandscapeRight";
				INFOPLIST_KEY_UISupportedInterfaceOrientations_iPhone = "UIInterfaceOrientationPortrait UIInterfaceOrientationLandscapeLeft UIInterfaceOrientationLandscapeRight";
				LD_RUNPATH_SEARCH_PATHS = (
					"$(inherited)",
					"@executable_path/Frameworks",
				);
				MARKETING_VERSION = 1.0;
				PRODUCT_BUNDLE_IDENTIFIER = nabnit.Weather;
				PRODUCT_NAME = "$(TARGET_NAME)";
				SWIFT_EMIT_LOC_STRINGS = YES;
				SWIFT_VERSION = 5.0;
				TARGETED_DEVICE_FAMILY = "1,2";
			};
			name = Release;
		};
		FC0FE4CD2C75420C00D3B939 /* Debug */ = {
			isa = XCBuildConfiguration;
			buildSettings = {
				ALWAYS_EMBED_SWIFT_STANDARD_LIBRARIES = YES;
				BUNDLE_LOADER = "$(TEST_HOST)";
				CODE_SIGN_STYLE = Automatic;
				CURRENT_PROJECT_VERSION = 1;
				DEVELOPMENT_TEAM = 68UQL4D6CG;
				GENERATE_INFOPLIST_FILE = YES;
				IPHONEOS_DEPLOYMENT_TARGET = 15.0;
				LD_RUNPATH_SEARCH_PATHS = (
					"$(inherited)",
					"@executable_path/Frameworks",
					"@loader_path/Frameworks",
				);
				MARKETING_VERSION = 1.0;
				PRODUCT_BUNDLE_IDENTIFIER = nabnit.WeatherTests;
				PRODUCT_NAME = "$(TARGET_NAME)";
				SWIFT_EMIT_LOC_STRINGS = NO;
				SWIFT_VERSION = 5.0;
				TARGETED_DEVICE_FAMILY = "1,2";
				TEST_HOST = "$(BUILT_PRODUCTS_DIR)/Weather.app/Weather";
			};
			name = Debug;
		};
		FC0FE4CE2C75420C00D3B939 /* Release */ = {
			isa = XCBuildConfiguration;
			buildSettings = {
				ALWAYS_EMBED_SWIFT_STANDARD_LIBRARIES = YES;
				BUNDLE_LOADER = "$(TEST_HOST)";
				CODE_SIGN_STYLE = Automatic;
				CURRENT_PROJECT_VERSION = 1;
				DEVELOPMENT_TEAM = 68UQL4D6CG;
				GENERATE_INFOPLIST_FILE = YES;
				IPHONEOS_DEPLOYMENT_TARGET = 15.0;
				LD_RUNPATH_SEARCH_PATHS = (
					"$(inherited)",
					"@executable_path/Frameworks",
					"@loader_path/Frameworks",
				);
				MARKETING_VERSION = 1.0;
				PRODUCT_BUNDLE_IDENTIFIER = nabnit.WeatherTests;
				PRODUCT_NAME = "$(TARGET_NAME)";
				SWIFT_EMIT_LOC_STRINGS = NO;
				SWIFT_VERSION = 5.0;
				TARGETED_DEVICE_FAMILY = "1,2";
				TEST_HOST = "$(BUILT_PRODUCTS_DIR)/Weather.app/Weather";
			};
			name = Release;
		};
		FC0FE4D02C75420C00D3B939 /* Debug */ = {
			isa = XCBuildConfiguration;
			buildSettings = {
				ALWAYS_EMBED_SWIFT_STANDARD_LIBRARIES = YES;
				CODE_SIGN_STYLE = Automatic;
				CURRENT_PROJECT_VERSION = 1;
				DEVELOPMENT_TEAM = 68UQL4D6CG;
				GENERATE_INFOPLIST_FILE = YES;
				LD_RUNPATH_SEARCH_PATHS = (
					"$(inherited)",
					"@executable_path/Frameworks",
					"@loader_path/Frameworks",
				);
				MARKETING_VERSION = 1.0;
				PRODUCT_BUNDLE_IDENTIFIER = nabnit.WeatherUITests;
				PRODUCT_NAME = "$(TARGET_NAME)";
				SWIFT_EMIT_LOC_STRINGS = NO;
				SWIFT_VERSION = 5.0;
				TARGETED_DEVICE_FAMILY = "1,2";
				TEST_TARGET_NAME = Weather;
			};
			name = Debug;
		};
		FC0FE4D12C75420C00D3B939 /* Release */ = {
			isa = XCBuildConfiguration;
			buildSettings = {
				ALWAYS_EMBED_SWIFT_STANDARD_LIBRARIES = YES;
				CODE_SIGN_STYLE = Automatic;
				CURRENT_PROJECT_VERSION = 1;
				DEVELOPMENT_TEAM = 68UQL4D6CG;
				GENERATE_INFOPLIST_FILE = YES;
				LD_RUNPATH_SEARCH_PATHS = (
					"$(inherited)",
					"@executable_path/Frameworks",
					"@loader_path/Frameworks",
				);
				MARKETING_VERSION = 1.0;
				PRODUCT_BUNDLE_IDENTIFIER = nabnit.WeatherUITests;
				PRODUCT_NAME = "$(TARGET_NAME)";
				SWIFT_EMIT_LOC_STRINGS = NO;
				SWIFT_VERSION = 5.0;
				TARGETED_DEVICE_FAMILY = "1,2";
				TEST_TARGET_NAME = Weather;
			};
			name = Release;
		};
/* End XCBuildConfiguration section */

/* Begin XCConfigurationList section */
		FC0FE49A2C75420B00D3B939 /* Build configuration list for PBXProject "Weather" */ = {
			isa = XCConfigurationList;
			buildConfigurations = (
				FC0FE4C72C75420C00D3B939 /* Debug */,
				FC0FE4C82C75420C00D3B939 /* Release */,
			);
			defaultConfigurationIsVisible = 0;
			defaultConfigurationName = Release;
		};
		FC0FE4C92C75420C00D3B939 /* Build configuration list for PBXNativeTarget "Weather" */ = {
			isa = XCConfigurationList;
			buildConfigurations = (
				FC0FE4CA2C75420C00D3B939 /* Debug */,
				FC0FE4CB2C75420C00D3B939 /* Release */,
			);
			defaultConfigurationIsVisible = 0;
			defaultConfigurationName = Release;
		};
		FC0FE4CC2C75420C00D3B939 /* Build configuration list for PBXNativeTarget "WeatherTests" */ = {
			isa = XCConfigurationList;
			buildConfigurations = (
				FC0FE4CD2C75420C00D3B939 /* Debug */,
				FC0FE4CE2C75420C00D3B939 /* Release */,
			);
			defaultConfigurationIsVisible = 0;
			defaultConfigurationName = Release;
		};
		FC0FE4CF2C75420C00D3B939 /* Build configuration list for PBXNativeTarget "WeatherUITests" */ = {
			isa = XCConfigurationList;
			buildConfigurations = (
				FC0FE4D02C75420C00D3B939 /* Debug */,
				FC0FE4D12C75420C00D3B939 /* Release */,
			);
			defaultConfigurationIsVisible = 0;
			defaultConfigurationName = Release;
		};
/* End XCConfigurationList section */
	};
	rootObject = FC0FE4972C75420B00D3B939 /* Project object */;
}
